// !$*UTF8*$!
{
	archiveVersion = 1;
	classes = {
	};
	objectVersion = 50;
	objects = {

/* Begin PBXBuildFile section */
		B5060F3420A92F72008B53F5 /* PageContentView.swift in Sources */ = {isa = PBXBuildFile; fileRef = B5060F3320A92F72008B53F5 /* PageContentView.swift */; };
		B5060F3620A937E7008B53F5 /* UIColor-Extension.swift in Sources */ = {isa = PBXBuildFile; fileRef = B5060F3520A937E7008B53F5 /* UIColor-Extension.swift */; };
		B511F2DF20A80BC800FB80A7 /* HomeViewController.swift in Sources */ = {isa = PBXBuildFile; fileRef = B511F2DE20A80BC800FB80A7 /* HomeViewController.swift */; };
		B511F2E220A81A9600FB80A7 /* UIBarButtonItem-Extension.swift in Sources */ = {isa = PBXBuildFile; fileRef = B511F2E120A81A9600FB80A7 /* UIBarButtonItem-Extension.swift */; };
		B511F2E420A8321600FB80A7 /* PageTitleView.swift in Sources */ = {isa = PBXBuildFile; fileRef = B511F2E320A8321600FB80A7 /* PageTitleView.swift */; };
		B511F2E620A8340600FB80A7 /* Common.swift in Sources */ = {isa = PBXBuildFile; fileRef = B511F2E520A8340600FB80A7 /* Common.swift */; };
		B5C5ACE320A6E2BF00A07D68 /* AppDelegate.swift in Sources */ = {isa = PBXBuildFile; fileRef = B5C5ACE220A6E2BF00A07D68 /* AppDelegate.swift */; };
		B5C5ACE820A6E2BF00A07D68 /* Main.storyboard in Resources */ = {isa = PBXBuildFile; fileRef = B5C5ACE620A6E2BF00A07D68 /* Main.storyboard */; };
		B5C5ACEA20A6E2C200A07D68 /* Assets.xcassets in Resources */ = {isa = PBXBuildFile; fileRef = B5C5ACE920A6E2C200A07D68 /* Assets.xcassets */; };
		B5C5ACED20A6E2C200A07D68 /* LaunchScreen.storyboard in Resources */ = {isa = PBXBuildFile; fileRef = B5C5ACEB20A6E2C200A07D68 /* LaunchScreen.storyboard */; };
		B5C5AD0120A7CEC400A07D68 /* Home.storyboard in Resources */ = {isa = PBXBuildFile; fileRef = B5C5ACFF20A7CEC400A07D68 /* Home.storyboard */; };
		B5C5AD0320A7CEF600A07D68 /* Live.storyboard in Resources */ = {isa = PBXBuildFile; fileRef = B5C5AD0220A7CEF600A07D68 /* Live.storyboard */; };
		B5C5AD0620A7CF3800A07D68 /* Follow.storyboard in Resources */ = {isa = PBXBuildFile; fileRef = B5C5AD0420A7CF3800A07D68 /* Follow.storyboard */; };
		B5C5AD0820A7CF6300A07D68 /* Profile.storyboard in Resources */ = {isa = PBXBuildFile; fileRef = B5C5AD0720A7CF6300A07D68 /* Profile.storyboard */; };
		B5C5AD0C20A7CFE200A07D68 /* Find.storyboard in Resources */ = {isa = PBXBuildFile; fileRef = B5C5AD0A20A7CFE200A07D68 /* Find.storyboard */; };
		B5C5AD1220A7D2AA00A07D68 /* MainViewController.swift in Sources */ = {isa = PBXBuildFile; fileRef = B5C5AD1120A7D2AA00A07D68 /* MainViewController.swift */; };
/* End PBXBuildFile section */

/* Begin PBXFileReference section */
		B5060F3320A92F72008B53F5 /* PageContentView.swift */ = {isa = PBXFileReference; lastKnownFileType = sourcecode.swift; path = PageContentView.swift; sourceTree = "<group>"; };
		B5060F3520A937E7008B53F5 /* UIColor-Extension.swift */ = {isa = PBXFileReference; lastKnownFileType = sourcecode.swift; path = "UIColor-Extension.swift"; sourceTree = "<group>"; };
		B511F2DE20A80BC800FB80A7 /* HomeViewController.swift */ = {isa = PBXFileReference; lastKnownFileType = sourcecode.swift; path = HomeViewController.swift; sourceTree = "<group>"; };
		B511F2E120A81A9600FB80A7 /* UIBarButtonItem-Extension.swift */ = {isa = PBXFileReference; lastKnownFileType = sourcecode.swift; path = "UIBarButtonItem-Extension.swift"; sourceTree = "<group>"; };
		B511F2E320A8321600FB80A7 /* PageTitleView.swift */ = {isa = PBXFileReference; lastKnownFileType = sourcecode.swift; path = PageTitleView.swift; sourceTree = "<group>"; };
		B511F2E520A8340600FB80A7 /* Common.swift */ = {isa = PBXFileReference; lastKnownFileType = sourcecode.swift; path = Common.swift; sourceTree = "<group>"; };
		B5C5ACDF20A6E2BF00A07D68 /* Live_Training.app */ = {isa = PBXFileReference; explicitFileType = wrapper.application; includeInIndex = 0; path = Live_Training.app; sourceTree = BUILT_PRODUCTS_DIR; };
		B5C5ACE220A6E2BF00A07D68 /* AppDelegate.swift */ = {isa = PBXFileReference; lastKnownFileType = sourcecode.swift; path = AppDelegate.swift; sourceTree = "<group>"; };
		B5C5ACE720A6E2BF00A07D68 /* Base */ = {isa = PBXFileReference; lastKnownFileType = file.storyboard; name = Base; path = Base.lproj/Main.storyboard; sourceTree = "<group>"; };
		B5C5ACE920A6E2C200A07D68 /* Assets.xcassets */ = {isa = PBXFileReference; lastKnownFileType = folder.assetcatalog; path = Assets.xcassets; sourceTree = "<group>"; };
		B5C5ACEC20A6E2C200A07D68 /* Base */ = {isa = PBXFileReference; lastKnownFileType = file.storyboard; name = Base; path = Base.lproj/LaunchScreen.storyboard; sourceTree = "<group>"; };
		B5C5ACEE20A6E2C200A07D68 /* Info.plist */ = {isa = PBXFileReference; lastKnownFileType = text.plist.xml; path = Info.plist; sourceTree = "<group>"; };
		B5C5AD0020A7CEC400A07D68 /* Base */ = {isa = PBXFileReference; lastKnownFileType = file.storyboard; name = Base; path = Live_Training/Class/Main/Base.lproj/Home.storyboard; sourceTree = "<group>"; };
		B5C5AD0220A7CEF600A07D68 /* Live.storyboard */ = {isa = PBXFileReference; fileEncoding = 4; lastKnownFileType = file.storyboard; path = Live.storyboard; sourceTree = "<group>"; };
		B5C5AD0520A7CF3800A07D68 /* Base */ = {isa = PBXFileReference; lastKnownFileType = file.storyboard; name = Base; path = Live_Training/Class/Main/Base.lproj/Follow.storyboard; sourceTree = "<group>"; };
		B5C5AD0720A7CF6300A07D68 /* Profile.storyboard */ = {isa = PBXFileReference; fileEncoding = 4; lastKnownFileType = file.storyboard; path = Profile.storyboard; sourceTree = "<group>"; };
		B5C5AD0B20A7CFE200A07D68 /* Base */ = {isa = PBXFileReference; lastKnownFileType = file.storyboard; name = Base; path = Live_Training/Class/Main/Base.lproj/Find.storyboard; sourceTree = "<group>"; };
		B5C5AD1120A7D2AA00A07D68 /* MainViewController.swift */ = {isa = PBXFileReference; lastKnownFileType = sourcecode.swift; path = MainViewController.swift; sourceTree = "<group>"; };
/* End PBXFileReference section */

/* Begin PBXFrameworksBuildPhase section */
		B5C5ACDC20A6E2BF00A07D68 /* Frameworks */ = {
			isa = PBXFrameworksBuildPhase;
			buildActionMask = 2147483647;
			files = (
			);
			runOnlyForDeploymentPostprocessing = 0;
		};
/* End PBXFrameworksBuildPhase section */

/* Begin PBXGroup section */
		B511F2E020A81A4200FB80A7 /* Extension */ = {
			isa = PBXGroup;
			children = (
				B5060F3520A937E7008B53F5 /* UIColor-Extension.swift */,
				B511F2E120A81A9600FB80A7 /* UIBarButtonItem-Extension.swift */,
			);
			path = Extension;
			sourceTree = "<group>";
		};
		B5C5ACD620A6E2BF00A07D68 = {
			isa = PBXGroup;
			children = (
				B5C5ACE120A6E2BF00A07D68 /* Live_Training */,
				B5C5ACE020A6E2BF00A07D68 /* Products */,
			);
			sourceTree = "<group>";
		};
		B5C5ACE020A6E2BF00A07D68 /* Products */ = {
			isa = PBXGroup;
			children = (
				B5C5ACDF20A6E2BF00A07D68 /* Live_Training.app */,
			);
			name = Products;
			sourceTree = "<group>";
		};
		B5C5ACE120A6E2BF00A07D68 /* Live_Training */ = {
			isa = PBXGroup;
			children = (
				B5C5ACFB20A7606600A07D68 /* Class */,
				B5C5ACE220A6E2BF00A07D68 /* AppDelegate.swift */,
				B5C5ACE920A6E2C200A07D68 /* Assets.xcassets */,
				B5C5ACEB20A6E2C200A07D68 /* LaunchScreen.storyboard */,
				B5C5ACEE20A6E2C200A07D68 /* Info.plist */,
			);
			path = Live_Training;
			sourceTree = "<group>";
		};
		B5C5ACF820A7603000A07D68 /* Main */ = {
			isa = PBXGroup;
			children = (
				B5C5AD1320A8060100A07D68 /* M */,
				B5C5AD1420A8060B00A07D68 /* V */,
				B5C5AD1520A8061100A07D68 /* C */,
			);
			path = Main;
			sourceTree = "<group>";
		};
		B5C5ACF920A7603F00A07D68 /* Follow */ = {
			isa = PBXGroup;
			children = (
				B5C5AD1C20A8063900A07D68 /* M */,
				B5C5AD1D20A8063D00A07D68 /* V */,
				B5C5AD1E20A8064000A07D68 /* C */,
			);
			path = Follow;
			sourceTree = "<group>";
		};
		B5C5ACFA20A7605A00A07D68 /* Home */ = {
			isa = PBXGroup;
			children = (
				B5C5AD1F20A8064400A07D68 /* M */,
				B5C5AD2020A8064C00A07D68 /* V */,
				B5C5AD2120A8065300A07D68 /* C */,
			);
			name = Home;
			path = "../New Group/Home";
			sourceTree = "<group>";
		};
		B5C5ACFB20A7606600A07D68 /* Class */ = {
			isa = PBXGroup;
			children = (
				B5C5AD0920A7CFC700A07D68 /* Find */,
				B5C5ACFE20A760AB00A07D68 /* Tools */,
				B5C5ACFD20A7609D00A07D68 /* Profile */,
				B5C5ACFC20A7607E00A07D68 /* Live */,
				B5C5AD1820A8062500A07D68 /* C */,
				B5C5ACF820A7603000A07D68 /* Main */,
				B5C5ACF920A7603F00A07D68 /* Follow */,
				B5C5ACFA20A7605A00A07D68 /* Home */,
			);
			path = Class;
			sourceTree = "<group>";
		};
		B5C5ACFC20A7607E00A07D68 /* Live */ = {
			isa = PBXGroup;
			children = (
				B5C5AD1620A8061A00A07D68 /* M */,
				B5C5AD1720A8061E00A07D68 /* V */,
			);
			path = Live;
			sourceTree = "<group>";
		};
		B5C5ACFD20A7609D00A07D68 /* Profile */ = {
			isa = PBXGroup;
			children = (
				B5C5AD1920A8062A00A07D68 /* M */,
				B5C5AD1A20A8062E00A07D68 /* V */,
				B5C5AD1B20A8063200A07D68 /* C */,
			);
			path = Profile;
			sourceTree = "<group>";
		};
		B5C5ACFE20A760AB00A07D68 /* Tools */ = {
			isa = PBXGroup;
			children = (
				B511F2E520A8340600FB80A7 /* Common.swift */,
				B511F2E020A81A4200FB80A7 /* Extension */,
			);
			path = Tools;
			sourceTree = "<group>";
		};
		B5C5AD0920A7CFC700A07D68 /* Find */ = {
			isa = PBXGroup;
			children = (
				B5C5AD2220A8065C00A07D68 /* M */,
				B5C5AD2320A8065F00A07D68 /* V */,
				B5C5AD2420A8066300A07D68 /* C */,
			);
			path = Find;
			sourceTree = "<group>";
		};
		B5C5AD1320A8060100A07D68 /* M */ = {
			isa = PBXGroup;
			children = (
			);
			path = M;
			sourceTree = "<group>";
		};
		B5C5AD1420A8060B00A07D68 /* V */ = {
			isa = PBXGroup;
			children = (
				B5060F3320A92F72008B53F5 /* PageContentView.swift */,
				B511F2E320A8321600FB80A7 /* PageTitleView.swift */,
			);
			name = V;
			path = "New Group";
			sourceTree = "<group>";
		};
		B5C5AD1520A8061100A07D68 /* C */ = {
			isa = PBXGroup;
			children = (
				B5C5ACE620A6E2BF00A07D68 /* Main.storyboard */,
				B5C5AD1120A7D2AA00A07D68 /* MainViewController.swift */,
			);
			path = C;
			sourceTree = "<group>";
		};
		B5C5AD1620A8061A00A07D68 /* M */ = {
			isa = PBXGroup;
			children = (
			);
			path = M;
			sourceTree = "<group>";
		};
		B5C5AD1720A8061E00A07D68 /* V */ = {
			isa = PBXGroup;
			children = (
			);
			path = V;
			sourceTree = "<group>";
		};
		B5C5AD1820A8062500A07D68 /* C */ = {
			isa = PBXGroup;
			children = (
				B5C5AD0220A7CEF600A07D68 /* Live.storyboard */,
			);
			name = C;
			path = "New Group";
			sourceTree = "<group>";
		};
		B5C5AD1920A8062A00A07D68 /* M */ = {
			isa = PBXGroup;
			children = (
			);
			path = M;
			sourceTree = "<group>";
		};
		B5C5AD1A20A8062E00A07D68 /* V */ = {
			isa = PBXGroup;
			children = (
			);
			name = V;
			path = "New Group";
			sourceTree = "<group>";
		};
		B5C5AD1B20A8063200A07D68 /* C */ = {
			isa = PBXGroup;
			children = (
				B5C5AD0720A7CF6300A07D68 /* Profile.storyboard */,
			);
			path = C;
			sourceTree = "<group>";
		};
		B5C5AD1C20A8063900A07D68 /* M */ = {
			isa = PBXGroup;
			children = (
			);
			path = M;
			sourceTree = "<group>";
		};
		B5C5AD1D20A8063D00A07D68 /* V */ = {
			isa = PBXGroup;
			children = (
			);
			name = V;
			path = "New Group";
			sourceTree = "<group>";
		};
		B5C5AD1E20A8064000A07D68 /* C */ = {
			isa = PBXGroup;
			children = (
				B5C5AD0420A7CF3800A07D68 /* Follow.storyboard */,
			);
			path = C;
			sourceTree = "<group>";
		};
		B5C5AD1F20A8064400A07D68 /* M */ = {
			isa = PBXGroup;
			children = (
			);
			path = M;
			sourceTree = "<group>";
		};
		B5C5AD2020A8064C00A07D68 /* V */ = {
			isa = PBXGroup;
			children = (
			);
			path = V;
			sourceTree = "<group>";
		};
		B5C5AD2120A8065300A07D68 /* C */ = {
			isa = PBXGroup;
			children = (
				B511F2DE20A80BC800FB80A7 /* HomeViewController.swift */,
				B5C5ACFF20A7CEC400A07D68 /* Home.storyboard */,
			);
			name = C;
			path = "New Group";
			sourceTree = "<group>";
		};
		B5C5AD2220A8065C00A07D68 /* M */ = {
			isa = PBXGroup;
			children = (
			);
			path = M;
			sourceTree = "<group>";
		};
		B5C5AD2320A8065F00A07D68 /* V */ = {
			isa = PBXGroup;
			children = (
			);
			name = V;
			path = "New Group";
			sourceTree = "<group>";
		};
		B5C5AD2420A8066300A07D68 /* C */ = {
			isa = PBXGroup;
			children = (
				B5C5AD0A20A7CFE200A07D68 /* Find.storyboard */,
			);
			path = C;
			sourceTree = "<group>";
		};
/* End PBXGroup section */

/* Begin PBXNativeTarget section */
		B5C5ACDE20A6E2BF00A07D68 /* Live_Training */ = {
			isa = PBXNativeTarget;
			buildConfigurationList = B5C5ACF120A6E2C200A07D68 /* Build configuration list for PBXNativeTarget "Live_Training" */;
			buildPhases = (
				B5C5ACDB20A6E2BF00A07D68 /* Sources */,
				B5C5ACDC20A6E2BF00A07D68 /* Frameworks */,
				B5C5ACDD20A6E2BF00A07D68 /* Resources */,
			);
			buildRules = (
			);
			dependencies = (
			);
			name = Live_Training;
			productName = Live_Training;
			productReference = B5C5ACDF20A6E2BF00A07D68 /* Live_Training.app */;
			productType = "com.apple.product-type.application";
		};
/* End PBXNativeTarget section */

/* Begin PBXProject section */
		B5C5ACD720A6E2BF00A07D68 /* Project object */ = {
			isa = PBXProject;
			attributes = {
				LastSwiftUpdateCheck = 0930;
				LastUpgradeCheck = 0930;
				ORGANIZATIONNAME = inow;
				TargetAttributes = {
					B5C5ACDE20A6E2BF00A07D68 = {
						CreatedOnToolsVersion = 9.3;
					};
				};
			};
			buildConfigurationList = B5C5ACDA20A6E2BF00A07D68 /* Build configuration list for PBXProject "Live_Training" */;
			compatibilityVersion = "Xcode 9.3";
			developmentRegion = en;
			hasScannedForEncodings = 0;
			knownRegions = (
				en,
				Base,
			);
			mainGroup = B5C5ACD620A6E2BF00A07D68;
			productRefGroup = B5C5ACE020A6E2BF00A07D68 /* Products */;
			projectDirPath = "";
			projectRoot = "";
			targets = (
				B5C5ACDE20A6E2BF00A07D68 /* Live_Training */,
			);
		};
/* End PBXProject section */

/* Begin PBXResourcesBuildPhase section */
		B5C5ACDD20A6E2BF00A07D68 /* Resources */ = {
			isa = PBXResourcesBuildPhase;
			buildActionMask = 2147483647;
			files = (
				B5C5ACED20A6E2C200A07D68 /* LaunchScreen.storyboard in Resources */,
				B5C5ACEA20A6E2C200A07D68 /* Assets.xcassets in Resources */,
				B5C5ACE820A6E2BF00A07D68 /* Main.storyboard in Resources */,
				B5C5AD0320A7CEF600A07D68 /* Live.storyboard in Resources */,
				B5C5AD0120A7CEC400A07D68 /* Home.storyboard in Resources */,
				B5C5AD0820A7CF6300A07D68 /* Profile.storyboard in Resources */,
				B5C5AD0620A7CF3800A07D68 /* Follow.storyboard in Resources */,
				B5C5AD0C20A7CFE200A07D68 /* Find.storyboard in Resources */,
			);
			runOnlyForDeploymentPostprocessing = 0;
		};
/* End PBXResourcesBuildPhase section */

/* Begin PBXSourcesBuildPhase section */
		B5C5ACDB20A6E2BF00A07D68 /* Sources */ = {
			isa = PBXSourcesBuildPhase;
			buildActionMask = 2147483647;
			files = (
				B5C5ACE320A6E2BF00A07D68 /* AppDelegate.swift in Sources */,
				B5060F3620A937E7008B53F5 /* UIColor-Extension.swift in Sources */,
				B511F2E620A8340600FB80A7 /* Common.swift in Sources */,
				B5C5AD1220A7D2AA00A07D68 /* MainViewController.swift in Sources */,
				B5060F3420A92F72008B53F5 /* PageContentView.swift in Sources */,
				B511F2E420A8321600FB80A7 /* PageTitleView.swift in Sources */,
				B511F2E220A81A9600FB80A7 /* UIBarButtonItem-Extension.swift in Sources */,
				B511F2DF20A80BC800FB80A7 /* HomeViewController.swift in Sources */,
			);
			runOnlyForDeploymentPostprocessing = 0;
		};
/* End PBXSourcesBuildPhase section */

/* Begin PBXVariantGroup section */
		B5C5ACE620A6E2BF00A07D68 /* Main.storyboard */ = {
			isa = PBXVariantGroup;
			children = (
				B5C5ACE720A6E2BF00A07D68 /* Base */,
			);
			name = Main.storyboard;
			sourceTree = "<group>";
		};
		B5C5ACEB20A6E2C200A07D68 /* LaunchScreen.storyboard */ = {
			isa = PBXVariantGroup;
			children = (
				B5C5ACEC20A6E2C200A07D68 /* Base */,
			);
			name = LaunchScreen.storyboard;
			sourceTree = "<group>";
		};
		B5C5ACFF20A7CEC400A07D68 /* Home.storyboard */ = {
			isa = PBXVariantGroup;
			children = (
				B5C5AD0020A7CEC400A07D68 /* Base */,
			);
			name = Home.storyboard;
			sourceTree = "<group>";
		};
		B5C5AD0420A7CF3800A07D68 /* Follow.storyboard */ = {
			isa = PBXVariantGroup;
			children = (
				B5C5AD0520A7CF3800A07D68 /* Base */,
			);
			name = Follow.storyboard;
			sourceTree = "<group>";
		};
		B5C5AD0A20A7CFE200A07D68 /* Find.storyboard */ = {
			isa = PBXVariantGroup;
			children = (
				B5C5AD0B20A7CFE200A07D68 /* Base */,
			);
			name = Find.storyboard;
			sourceTree = "<group>";
		};
/* End PBXVariantGroup section */

/* Begin XCBuildConfiguration section */
		B5C5ACEF20A6E2C200A07D68 /* Debug */ = {
			isa = XCBuildConfiguration;
			buildSettings = {
				ALWAYS_SEARCH_USER_PATHS = NO;
				CLANG_ANALYZER_NONNULL = YES;
				CLANG_ANALYZER_NUMBER_OBJECT_CONVERSION = YES_AGGRESSIVE;
				CLANG_CXX_LANGUAGE_STANDARD = "gnu++14";
				CLANG_CXX_LIBRARY = "libc++";
				CLANG_ENABLE_MODULES = YES;
				CLANG_ENABLE_OBJC_ARC = YES;
				CLANG_ENABLE_OBJC_WEAK = YES;
				CLANG_WARN_BLOCK_CAPTURE_AUTORELEASING = YES;
				CLANG_WARN_BOOL_CONVERSION = YES;
				CLANG_WARN_COMMA = YES;
				CLANG_WARN_CONSTANT_CONVERSION = YES;
				CLANG_WARN_DEPRECATED_OBJC_IMPLEMENTATIONS = YES;
				CLANG_WARN_DIRECT_OBJC_ISA_USAGE = YES_ERROR;
				CLANG_WARN_DOCUMENTATION_COMMENTS = YES;
				CLANG_WARN_EMPTY_BODY = YES;
				CLANG_WARN_ENUM_CONVERSION = YES;
				CLANG_WARN_INFINITE_RECURSION = YES;
				CLANG_WARN_INT_CONVERSION = YES;
				CLANG_WARN_NON_LITERAL_NULL_CONVERSION = YES;
				CLANG_WARN_OBJC_IMPLICIT_RETAIN_SELF = YES;
				CLANG_WARN_OBJC_LITERAL_CONVERSION = YES;
				CLANG_WARN_OBJC_ROOT_CLASS = YES_ERROR;
				CLANG_WARN_RANGE_LOOP_ANALYSIS = YES;
				CLANG_WARN_STRICT_PROTOTYPES = YES;
				CLANG_WARN_SUSPICIOUS_MOVE = YES;
				CLANG_WARN_UNGUARDED_AVAILABILITY = YES_AGGRESSIVE;
				CLANG_WARN_UNREACHABLE_CODE = YES;
				CLANG_WARN__DUPLICATE_METHOD_MATCH = YES;
				CODE_SIGN_IDENTITY = "iPhone Developer";
				COPY_PHASE_STRIP = NO;
				DEBUG_INFORMATION_FORMAT = dwarf;
				ENABLE_STRICT_OBJC_MSGSEND = YES;
				ENABLE_TESTABILITY = YES;
				GCC_C_LANGUAGE_STANDARD = gnu11;
				GCC_DYNAMIC_NO_PIC = NO;
				GCC_NO_COMMON_BLOCKS = YES;
				GCC_OPTIMIZATION_LEVEL = 0;
				GCC_PREPROCESSOR_DEFINITIONS = (
					"DEBUG=1",
					"$(inherited)",
				);
				GCC_WARN_64_TO_32_BIT_CONVERSION = YES;
				GCC_WARN_ABOUT_RETURN_TYPE = YES_ERROR;
				GCC_WARN_UNDECLARED_SELECTOR = YES;
				GCC_WARN_UNINITIALIZED_AUTOS = YES_AGGRESSIVE;
				GCC_WARN_UNUSED_FUNCTION = YES;
				GCC_WARN_UNUSED_VARIABLE = YES;
				IPHONEOS_DEPLOYMENT_TARGET = 11.3;
				MTL_ENABLE_DEBUG_INFO = YES;
				ONLY_ACTIVE_ARCH = YES;
				SDKROOT = iphoneos;
				SWIFT_ACTIVE_COMPILATION_CONDITIONS = DEBUG;
				SWIFT_OPTIMIZATION_LEVEL = "-Onone";
			};
			name = Debug;
		};
		B5C5ACF020A6E2C200A07D68 /* Release */ = {
			isa = XCBuildConfiguration;
			buildSettings = {
				ALWAYS_SEARCH_USER_PATHS = NO;
				CLANG_ANALYZER_NONNULL = YES;
				CLANG_ANALYZER_NUMBER_OBJECT_CONVERSION = YES_AGGRESSIVE;
				CLANG_CXX_LANGUAGE_STANDARD = "gnu++14";
				CLANG_CXX_LIBRARY = "libc++";
				CLANG_ENABLE_MODULES = YES;
				CLANG_ENABLE_OBJC_ARC = YES;
				CLANG_ENABLE_OBJC_WEAK = YES;
				CLANG_WARN_BLOCK_CAPTURE_AUTORELEASING = YES;
				CLANG_WARN_BOOL_CONVERSION = YES;
				CLANG_WARN_COMMA = YES;
				CLANG_WARN_CONSTANT_CONVERSION = YES;
				CLANG_WARN_DEPRECATED_OBJC_IMPLEMENTATIONS = YES;
				CLANG_WARN_DIRECT_OBJC_ISA_USAGE = YES_ERROR;
				CLANG_WARN_DOCUMENTATION_COMMENTS = YES;
				CLANG_WARN_EMPTY_BODY = YES;
				CLANG_WARN_ENUM_CONVERSION = YES;
				CLANG_WARN_INFINITE_RECURSION = YES;
				CLANG_WARN_INT_CONVERSION = YES;
				CLANG_WARN_NON_LITERAL_NULL_CONVERSION = YES;
				CLANG_WARN_OBJC_IMPLICIT_RETAIN_SELF = YES;
				CLANG_WARN_OBJC_LITERAL_CONVERSION = YES;
				CLANG_WARN_OBJC_ROOT_CLASS = YES_ERROR;
				CLANG_WARN_RANGE_LOOP_ANALYSIS = YES;
				CLANG_WARN_STRICT_PROTOTYPES = YES;
				CLANG_WARN_SUSPICIOUS_MOVE = YES;
				CLANG_WARN_UNGUARDED_AVAILABILITY = YES_AGGRESSIVE;
				CLANG_WARN_UNREACHABLE_CODE = YES;
				CLANG_WARN__DUPLICATE_METHOD_MATCH = YES;
				CODE_SIGN_IDENTITY = "iPhone Developer";
				COPY_PHASE_STRIP = NO;
				DEBUG_INFORMATION_FORMAT = "dwarf-with-dsym";
				ENABLE_NS_ASSERTIONS = NO;
				ENABLE_STRICT_OBJC_MSGSEND = YES;
				GCC_C_LANGUAGE_STANDARD = gnu11;
				GCC_NO_COMMON_BLOCKS = YES;
				GCC_WARN_64_TO_32_BIT_CONVERSION = YES;
				GCC_WARN_ABOUT_RETURN_TYPE = YES_ERROR;
				GCC_WARN_UNDECLARED_SELECTOR = YES;
				GCC_WARN_UNINITIALIZED_AUTOS = YES_AGGRESSIVE;
				GCC_WARN_UNUSED_FUNCTION = YES;
				GCC_WARN_UNUSED_VARIABLE = YES;
				IPHONEOS_DEPLOYMENT_TARGET = 11.3;
				MTL_ENABLE_DEBUG_INFO = NO;
				SDKROOT = iphoneos;
				SWIFT_COMPILATION_MODE = wholemodule;
				SWIFT_OPTIMIZATION_LEVEL = "-O";
				VALIDATE_PRODUCT = YES;
			};
			name = Release;
		};
		B5C5ACF220A6E2C200A07D68 /* Debug */ = {
			isa = XCBuildConfiguration;
			buildSettings = {
				ASSETCATALOG_COMPILER_APPICON_NAME = AppIcon;
				ASSETCATALOG_COMPILER_LAUNCHIMAGE_NAME = LaunchImage;
				CODE_SIGN_STYLE = Automatic;
				DEVELOPMENT_TEAM = 4ZD6RQ7H2K;
				INFOPLIST_FILE = Live_Training/Info.plist;
				IPHONEOS_DEPLOYMENT_TARGET = 9.0;
				LD_RUNPATH_SEARCH_PATHS = (
					"$(inherited)",
					"@executable_path/Frameworks",
				);
				PRODUCT_BUNDLE_IDENTIFIER = "com.inow.Live-Training";
				PRODUCT_NAME = "$(TARGET_NAME)";
				SWIFT_VERSION = 4.0;
				TARGETED_DEVICE_FAMILY = 1;
			};
			name = Debug;
		};
		B5C5ACF320A6E2C200A07D68 /* Release */ = {
			isa = XCBuildConfiguration;
			buildSettings = {
				ASSETCATALOG_COMPILER_APPICON_NAME = AppIcon;
				ASSETCATALOG_COMPILER_LAUNCHIMAGE_NAME = LaunchImage;
				CODE_SIGN_STYLE = Automatic;
				DEVELOPMENT_TEAM = 4ZD6RQ7H2K;
				INFOPLIST_FILE = Live_Training/Info.plist;
				IPHONEOS_DEPLOYMENT_TARGET = 9.0;
				LD_RUNPATH_SEARCH_PATHS = (
					"$(inherited)",
					"@executable_path/Frameworks",
				);
				PRODUCT_BUNDLE_IDENTIFIER = "com.inow.Live-Training";
				PRODUCT_NAME = "$(TARGET_NAME)";
				SWIFT_VERSION = 4.0;
				TARGETED_DEVICE_FAMILY = 1;
			};
			name = Release;
		};
/* End XCBuildConfiguration section */

/* Begin XCConfigurationList section */
		B5C5ACDA20A6E2BF00A07D68 /* Build configuration list for PBXProject "Live_Training" */ = {
			isa = XCConfigurationList;
			buildConfigurations = (
				B5C5ACEF20A6E2C200A07D68 /* Debug */,
				B5C5ACF020A6E2C200A07D68 /* Release */,
			);
			defaultConfigurationIsVisible = 0;
			defaultConfigurationName = Release;
		};
		B5C5ACF120A6E2C200A07D68 /* Build configuration list for PBXNativeTarget "Live_Training" */ = {
			isa = XCConfigurationList;
			buildConfigurations = (
				B5C5ACF220A6E2C200A07D68 /* Debug */,
				B5C5ACF320A6E2C200A07D68 /* Release */,
			);
			defaultConfigurationIsVisible = 0;
			defaultConfigurationName = Release;
		};
/* End XCConfigurationList section */
	};
	rootObject = B5C5ACD720A6E2BF00A07D68 /* Project object */;
}
